
Microsoft Visual Studio Solution File, Format Version 12.00
# Visual Studio Version 16
VisualStudioVersion = 16.0.31515.178
MinimumVisualStudioVersion = 10.0.40219.1
Project("{FAE04EC0-301F-11D3-BF4B-00C04F79EFBC}") = "WinformCar", "WinformCar\WinformCar.csproj", "{F725E5BF-545D-43F4-B54B-F3D3B14EDFDF}"
EndProject
Global
	GlobalSection(SolutionConfigurationPlatforms) = preSolution
		Debug|Any CPU = Debug|Any CPU
		Release|Any CPU = Release|Any CPU
	EndGlobalSection
	GlobalSection(ProjectConfigurationPlatforms) = postSolution
		{F725E5BF-545D-43F4-B54B-F3D3B14EDFDF}.Debug|Any CPU.ActiveCfg = Debug|Any CPU
		{F725E5BF-545D-43F4-B54B-F3D3B14EDFDF}.Debug|Any CPU.Build.0 = Debug|Any CPU
		{F725E5BF-545D-43F4-B54B-F3D3B14EDFDF}.Release|Any CPU.ActiveCfg = Release|Any CPU
		{F725E5BF-545D-43F4-B54B-F3D3B14EDFDF}.Release|Any CPU.Build.0 = Release|Any CPU
	EndGlobalSection
	GlobalSection(SolutionProperties) = preSolution
		HideSolutionNode = FALSE
	EndGlobalSection
	GlobalSection(ExtensibilityGlobals) = postSolution
		SolutionGuid = {2A8A93BD-DD7E-4B27-8BA6-51D792B76647}
	EndGlobalSection
EndGlobal
